<?xml version="1.0" encoding="utf-8"?>
<Project ToolsVersion="4.0" xmlns="http://schemas.microsoft.com/developer/msbuild/2003">
  <ItemGroup>
    <Filter Include="Arquivos de Origem">
      <UniqueIdentifier>{4FC737F1-C7A5-4376-A066-2A32D752A2FF}</UniqueIdentifier>
      <Extensions>cpp;c;cc;cxx;def;odl;idl;hpj;bat;asm;asmx</Extensions>
    </Filter>
    <Filter Include="Arquivos de Cabeçalho">
      <UniqueIdentifier>{93995380-89BD-4b04-88EB-625FBE52EBFB}</UniqueIdentifier>
      <Extensions>h;hh;hpp;hxx;hm;inl;inc;ipp;xsd</Extensions>
    </Filter>
    <Filter Include="Arquivos de Recurso">
      <UniqueIdentifier>{67DA6AB6-F800-4c08-8B7A-83BB121AAD01}</UniqueIdentifier>
      <Extensions>rc;ico;cur;bmp;dlg;rc2;rct;bin;rgs;gif;jpg;jpeg;jpe;resx;tiff;tif;png;wav;mfcribbon-ms</Extensions>
    </Filter>
    <Filter Include="Arquivos de Cabeçalho\include">
      <UniqueIdentifier>{9de92d63-9f51-4c54-9f77-29124426202e}</UniqueIdentifier>
    </Filter>
    <Filter Include="Arquivos de Origem\src">
      <UniqueIdentifier>{f2b25273-e170-4a65-b1a6-a16b56a14eab}</UniqueIdentifier>
    </Filter>
  </ItemGroup>
  <ItemGroup>
    <ClCompile Include="Window.cpp">
      <Filter>Arquivos de Origem\src</Filter>
    </ClCompile>
    <ClCompile Include="FrameBuffer.cpp">
      <Filter>Arquivos de Origem\src</Filter>
    </ClCompile>
    <ClCompile Include="GraphicPipeline.cpp">
      <Filter>Arquivos de Origem\src</Filter>
    </ClCompile>
    <ClCompile Include="KeyboardListener.cpp">
      <Filter>Arquivos de Origem\src</Filter>
    </ClCompile>
    <ClCompile Include="Main.cpp">
      <Filter>Arquivos de Origem\src</Filter>
    </ClCompile>
    <ClCompile Include="VulkanImageView.cpp">
      <Filter>Arquivos de Origem\src</Filter>
    </ClCompile>
    <ClCompile Include="VulkanInstance.cpp">
      <Filter>Arquivos de Origem\src</Filter>
    </ClCompile>
    <ClCompile Include="VulkanLogicalDevice.cpp">
      <Filter>Arquivos de Origem\src</Filter>
    </ClCompile>
    <ClCompile Include="VulkanPhysicalDevice.cpp">
      <Filter>Arquivos de Origem\src</Filter>
    </ClCompile>
    <ClCompile Include="VulkanSwapChain.cpp">
      <Filter>Arquivos de Origem\src</Filter>
    </ClCompile>
  </ItemGroup>
  <ItemGroup>
    <ClInclude Include="Window.h">
      <Filter>Arquivos de Cabeçalho\include</Filter>
    </ClInclude>
    <ClInclude Include="FrameBuffer.h">
      <Filter>Arquivos de Cabeçalho\include</Filter>
    </ClInclude>
    <ClInclude Include="GraphicPipeline.h">
      <Filter>Arquivos de Cabeçalho\include</Filter>
    </ClInclude>
    <ClInclude Include="IKeyboardSensor.h">
      <Filter>Arquivos de Cabeçalho\include</Filter>
    </ClInclude>
    <ClInclude Include="IO.h">
      <Filter>Arquivos de Cabeçalho\include</Filter>
    </ClInclude>
    <ClInclude Include="IScene.h">
      <Filter>Arquivos de Cabeçalho\include</Filter>
    </ClInclude>
    <ClInclude Include="KeyboardListener.h">
      <Filter>Arquivos de Cabeçalho\include</Filter>
    </ClInclude>
    <ClInclude Include="VulkanImageView.h">
      <Filter>Arquivos de Cabeçalho\include</Filter>
    </ClInclude>
    <ClInclude Include="VulkanInstance.h">
      <Filter>Arquivos de Cabeçalho\include</Filter>
    </ClInclude>
    <ClInclude Include="VulkanLogicalDevice.h">
      <Filter>Arquivos de Cabeçalho\include</Filter>
    </ClInclude>
    <ClInclude Include="VulkanPhysicalDevice.h">
      <Filter>Arquivos de Cabeçalho\include</Filter>
    </ClInclude>
    <ClInclude Include="VulkanSwapChain.h">
      <Filter>Arquivos de Cabeçalho\include</Filter>
    </ClInclude>
  </ItemGroup>
  <ItemGroup>
    <None Include="Vertex.vert">
      <Filter>Arquivos de Recurso</Filter>
    </None>
    <None Include="Fragment.frag">
      <Filter>Arquivos de Recurso</Filter>
    </None>
  </ItemGroup>
</Project>